
Microsoft Visual Studio Solution File, Format Version 12.00
# Visual Studio 14
VisualStudioVersion = 14.0.25420.1
MinimumVisualStudioVersion = 10.0.40219.1
Project("{FAE04EC0-301F-11D3-BF4B-00C04F79EFBC}") = "Teht01", "Teht01\Teht01.csproj", "{F51CF5FD-AB1E-4999-A110-85AF579F3D14}"
EndProject
Project("{FAE04EC0-301F-11D3-BF4B-00C04F79EFBC}") = "Teht01b", "Teht01b\Teht01b.csproj", "{D074A26E-55F1-4518-8E17-FF28AFB884D4}"
EndProject
Project("{FAE04EC0-301F-11D3-BF4B-00C04F79EFBC}") = "Teht02", "Teht02\Teht02.csproj", "{B716678D-C342-4DA9-B775-1E01CCB960EC}"
EndProject
Project("{FAE04EC0-301F-11D3-BF4B-00C04F79EFBC}") = "Teht03", "Teht03\Teht03.csproj", "{8F354332-0B28-4303-8069-4A7145A9719D}"
EndProject
Project("{FAE04EC0-301F-11D3-BF4B-00C04F79EFBC}") = "Teht04", "Teht04\Teht04.csproj", "{BD4DBC04-9D3F-4AC1-BE0A-A699D8CD83EE}"
EndProject
Project("{FAE04EC0-301F-11D3-BF4B-00C04F79EFBC}") = "Teht05", "Teht05\Teht05.csproj", "{AD7338BD-F624-4571-9CCF-24A3C75F3C81}"
EndProject
Project("{FAE04EC0-301F-11D3-BF4B-00C04F79EFBC}") = "Teht06", "Teht06\Teht06.csproj", "{5808A739-A1CA-4EFE-B549-719646CCEA1B}"
EndProject
Project("{FAE04EC0-301F-11D3-BF4B-00C04F79EFBC}") = "Teht07", "Teht07\Teht07.csproj", "{5535EAA5-3AF8-45A9-9B13-8BDB5E2B80D2}"
EndProject
Project("{FAE04EC0-301F-11D3-BF4B-00C04F79EFBC}") = "Teht08", "Teht08\Teht08.csproj", "{012CBD6B-CF64-4A3B-AF49-634CF46B2C53}"
EndProject
Project("{FAE04EC0-301F-11D3-BF4B-00C04F79EFBC}") = "Teht09", "Teht09\Teht09.csproj", "{B445A46C-26D6-4369-BB97-4BB87F8142D6}"
EndProject
Project("{FAE04EC0-301F-11D3-BF4B-00C04F79EFBC}") = "Teht10", "Teht10\Teht10.csproj", "{D3DA9710-D239-4E3C-8397-8C957FA4AEEB}"
EndProject
Project("{FAE04EC0-301F-11D3-BF4B-00C04F79EFBC}") = "Teht11", "Teht11\Teht11.csproj", "{769019D2-2036-4B89-8B9E-EF092002A1ED}"
EndProject
Project("{FAE04EC0-301F-11D3-BF4B-00C04F79EFBC}") = "Teht12", "Teht12\Teht12.csproj", "{26B9FCF0-DF2C-43A1-B791-C46AF620C969}"
EndProject
Global
	GlobalSection(SolutionConfigurationPlatforms) = preSolution
		Debug|Any CPU = Debug|Any CPU
		Release|Any CPU = Release|Any CPU
	EndGlobalSection
	GlobalSection(ProjectConfigurationPlatforms) = postSolution
		{F51CF5FD-AB1E-4999-A110-85AF579F3D14}.Debug|Any CPU.ActiveCfg = Debug|Any CPU
		{F51CF5FD-AB1E-4999-A110-85AF579F3D14}.Debug|Any CPU.Build.0 = Debug|Any CPU
		{F51CF5FD-AB1E-4999-A110-85AF579F3D14}.Release|Any CPU.ActiveCfg = Release|Any CPU
		{F51CF5FD-AB1E-4999-A110-85AF579F3D14}.Release|Any CPU.Build.0 = Release|Any CPU
		{D074A26E-55F1-4518-8E17-FF28AFB884D4}.Debug|Any CPU.ActiveCfg = Debug|Any CPU
		{D074A26E-55F1-4518-8E17-FF28AFB884D4}.Debug|Any CPU.Build.0 = Debug|Any CPU
		{D074A26E-55F1-4518-8E17-FF28AFB884D4}.Release|Any CPU.ActiveCfg = Release|Any CPU
		{D074A26E-55F1-4518-8E17-FF28AFB884D4}.Release|Any CPU.Build.0 = Release|Any CPU
		{B716678D-C342-4DA9-B775-1E01CCB960EC}.Debug|Any CPU.ActiveCfg = Debug|Any CPU
		{B716678D-C342-4DA9-B775-1E01CCB960EC}.Debug|Any CPU.Build.0 = Debug|Any CPU
		{B716678D-C342-4DA9-B775-1E01CCB960EC}.Release|Any CPU.ActiveCfg = Release|Any CPU
		{B716678D-C342-4DA9-B775-1E01CCB960EC}.Release|Any CPU.Build.0 = Release|Any CPU
		{8F354332-0B28-4303-8069-4A7145A9719D}.Debug|Any CPU.ActiveCfg = Debug|Any CPU
		{8F354332-0B28-4303-8069-4A7145A9719D}.Debug|Any CPU.Build.0 = Debug|Any CPU
		{8F354332-0B28-4303-8069-4A7145A9719D}.Release|Any CPU.ActiveCfg = Release|Any CPU
		{8F354332-0B28-4303-8069-4A7145A9719D}.Release|Any CPU.Build.0 = Release|Any CPU
		{BD4DBC04-9D3F-4AC1-BE0A-A699D8CD83EE}.Debug|Any CPU.ActiveCfg = Debug|Any CPU
		{BD4DBC04-9D3F-4AC1-BE0A-A699D8CD83EE}.Debug|Any CPU.Build.0 = Debug|Any CPU
		{BD4DBC04-9D3F-4AC1-BE0A-A699D8CD83EE}.Release|Any CPU.ActiveCfg = Release|Any CPU
		{BD4DBC04-9D3F-4AC1-BE0A-A699D8CD83EE}.Release|Any CPU.Build.0 = Release|Any CPU
		{AD7338BD-F624-4571-9CCF-24A3C75F3C81}.Debug|Any CPU.ActiveCfg = Debug|Any CPU
		{AD7338BD-F624-4571-9CCF-24A3C75F3C81}.Debug|Any CPU.Build.0 = Debug|Any CPU
		{AD7338BD-F624-4571-9CCF-24A3C75F3C81}.Release|Any CPU.ActiveCfg = Release|Any CPU
		{AD7338BD-F624-4571-9CCF-24A3C75F3C81}.Release|Any CPU.Build.0 = Release|Any CPU
		{5808A739-A1CA-4EFE-B549-719646CCEA1B}.Debug|Any CPU.ActiveCfg = Debug|Any CPU
		{5808A739-A1CA-4EFE-B549-719646CCEA1B}.Debug|Any CPU.Build.0 = Debug|Any CPU
		{5808A739-A1CA-4EFE-B549-719646CCEA1B}.Release|Any CPU.ActiveCfg = Release|Any CPU
		{5808A739-A1CA-4EFE-B549-719646CCEA1B}.Release|Any CPU.Build.0 = Release|Any CPU
		{5535EAA5-3AF8-45A9-9B13-8BDB5E2B80D2}.Debug|Any CPU.ActiveCfg = Debug|Any CPU
		{5535EAA5-3AF8-45A9-9B13-8BDB5E2B80D2}.Debug|Any CPU.Build.0 = Debug|Any CPU
		{5535EAA5-3AF8-45A9-9B13-8BDB5E2B80D2}.Release|Any CPU.ActiveCfg = Release|Any CPU
		{5535EAA5-3AF8-45A9-9B13-8BDB5E2B80D2}.Release|Any CPU.Build.0 = Release|Any CPU
		{012CBD6B-CF64-4A3B-AF49-634CF46B2C53}.Debug|Any CPU.ActiveCfg = Debug|Any CPU
		{012CBD6B-CF64-4A3B-AF49-634CF46B2C53}.Debug|Any CPU.Build.0 = Debug|Any CPU
		{012CBD6B-CF64-4A3B-AF49-634CF46B2C53}.Release|Any CPU.ActiveCfg = Release|Any CPU
		{012CBD6B-CF64-4A3B-AF49-634CF46B2C53}.Release|Any CPU.Build.0 = Release|Any CPU
		{B445A46C-26D6-4369-BB97-4BB87F8142D6}.Debug|Any CPU.ActiveCfg = Debug|Any CPU
		{B445A46C-26D6-4369-BB97-4BB87F8142D6}.Debug|Any CPU.Build.0 = Debug|Any CPU
		{B445A46C-26D6-4369-BB97-4BB87F8142D6}.Release|Any CPU.ActiveCfg = Release|Any CPU
		{B445A46C-26D6-4369-BB97-4BB87F8142D6}.Release|Any CPU.Build.0 = Release|Any CPU
		{D3DA9710-D239-4E3C-8397-8C957FA4AEEB}.Debug|Any CPU.ActiveCfg = Debug|Any CPU
		{D3DA9710-D239-4E3C-8397-8C957FA4AEEB}.Debug|Any CPU.Build.0 = Debug|Any CPU
		{D3DA9710-D239-4E3C-8397-8C957FA4AEEB}.Release|Any CPU.ActiveCfg = Release|Any CPU
		{D3DA9710-D239-4E3C-8397-8C957FA4AEEB}.Release|Any CPU.Build.0 = Release|Any CPU
		{769019D2-2036-4B89-8B9E-EF092002A1ED}.Debug|Any CPU.ActiveCfg = Debug|Any CPU
		{769019D2-2036-4B89-8B9E-EF092002A1ED}.Debug|Any CPU.Build.0 = Debug|Any CPU
		{769019D2-2036-4B89-8B9E-EF092002A1ED}.Release|Any CPU.ActiveCfg = Release|Any CPU
		{769019D2-2036-4B89-8B9E-EF092002A1ED}.Release|Any CPU.Build.0 = Release|Any CPU
		{26B9FCF0-DF2C-43A1-B791-C46AF620C969}.Debug|Any CPU.ActiveCfg = Debug|Any CPU
		{26B9FCF0-DF2C-43A1-B791-C46AF620C969}.Debug|Any CPU.Build.0 = Debug|Any CPU
		{26B9FCF0-DF2C-43A1-B791-C46AF620C969}.Release|Any CPU.ActiveCfg = Release|Any CPU
		{26B9FCF0-DF2C-43A1-B791-C46AF620C969}.Release|Any CPU.Build.0 = Release|Any CPU
	EndGlobalSection
	GlobalSection(SolutionProperties) = preSolution
		HideSolutionNode = FALSE
	EndGlobalSection
EndGlobal
